{
  "name": "y",
  "version": "1.0.0",
  "lockfileVersion": 3,
  "requires": true,
  "packages": {
    "": {
      "name": "y",
      "version": "1.0.0",
      "license": "ISC",
      "dependencies": {
        "@codemirror-toolkit/react": "^0.4.2",
        "codemirror": "^5.65.15"
      }
    },
    "node_modules/@codemirror-toolkit/react": {
      "version": "0.4.2",
      "resolved": "https://registry.npmjs.org/@codemirror-toolkit/react/-/react-0.4.2.tgz",
      "integrity": "sha512-OLhkaXOYYDpOnwwTPwykDqn/EXEN2n2DWX8MXRjoReRwX+sNrY0zOoXItfh5tin+azy0lgXf2/CVDCM8FcX4vg==",
      "dependencies": {
        "use-sync-external-store": "^1.2.0"
      },
      "peerDependencies": {
        "@codemirror/state": "^6.0.0",
        "@codemirror/view": "^6.0.0",
        "@types/react": "^16.8.0 || ^17.0.0 || ^18.0.0",
        "@types/react-dom": "^16.8.0 || ^17.0.0 || ^18.0.0",
        "react": "^16.8.0 || ^17.0.0 || ^18.0.0",
        "react-dom": "^16.8.0 || ^17.0.0 || ^18.0.0"
      },
      "peerDependenciesMeta": {
        "@types/react": {
          "optional": true
        },
        "@types/react-dom": {
          "optional": true
        }
      }
    },
    "node_modules/@codemirror/state": {
      "version": "6.3.1",
      "resolved": "https://registry.npmjs.org/@codemirror/state/-/state-6.3.1.tgz",
      "integrity": "sha512-88e4HhMtKJyw6fKprGaN/yZfiaoGYOi2nM45YCUC6R/kex9sxFWBDGatS1vk4lMgnWmdIIB9tk8Gj1LmL8YfvA==",
      "peer": true
    },
    "node_modules/@codemirror/view": {
      "version": "6.21.4",
      "resolved": "https://registry.npmjs.org/@codemirror/view/-/view-6.21.4.tgz",
      "integrity": "sha512-WKVZ7nvN0lwWPfAf05WxWqTpwjC8YN3q5goj3CsSig7//DD81LULgOx3nBegqpqP0iygBqRmW8z0KSc2QTAdAg==",
      "peer": true,
      "dependencies": {
        "@codemirror/state": "^6.1.4",
        "style-mod": "^4.1.0",
        "w3c-keyname": "^2.2.4"
      }
    },
    "node_modules/codemirror": {
      "version": "5.65.15",
      "resolved": "https://registry.npmjs.org/codemirror/-/codemirror-5.65.15.tgz",
      "integrity": "sha512-YC4EHbbwQeubZzxLl5G4nlbLc1T21QTrKGaOal/Pkm9dVDMZXMH7+ieSPEOZCtO9I68i8/oteJKOxzHC2zR+0g=="
    },
    "node_modules/js-tokens": {
      "version": "4.0.0",
      "resolved": "https://registry.npmjs.org/js-tokens/-/js-tokens-4.0.0.tgz",
      "integrity": "sha512-RdJUflcE3cUzKiMqQgsCu06FPu9UdIJO0beYbPhHN4k6apgJtifcoCtT9bcxOpYBtpD2kCM6Sbzg4CausW/PKQ==",
      "peer": true
    },
    "node_modules/loose-envify": {
      "version": "1.4.0",
      "resolved": "https://registry.npmjs.org/loose-envify/-/loose-envify-1.4.0.tgz",
      "integrity": "sha512-lyuxPGr/Wfhrlem2CL/UcnUc1zcqKAImBDzukY7Y5F/yQiNdko6+fRLevlw1HgMySw7f611UIY408EtxRSoK3Q==",
      "peer": true,
      "dependencies": {
        "js-tokens": "^3.0.0 || ^4.0.0"
      },
      "bin": {
        "loose-envify": "cli.js"
      }
    },
    "node_modules/react": {
      "version": "18.2.0",
      "resolved": "https://registry.npmjs.org/react/-/react-18.2.0.tgz",
      "integrity": "sha512-/3IjMdb2L9QbBdWiW5e3P2/npwMBaU9mHCSCUzNln0ZCYbcfTsGbTJrU/kGemdH2IWmB2ioZ+zkxtmq6g09fGQ==",
      "peer": true,
      "dependencies": {
        "loose-envify": "^1.1.0"
      },
      "engines": {
        "node": ">=0.10.0"
      }
    },
    "node_modules/react-dom": {
      "version": "18.2.0",
      "resolved": "https://registry.npmjs.org/react-dom/-/react-dom-18.2.0.tgz",
      "integrity": "sha512-6IMTriUmvsjHUjNtEDudZfuDQUoWXVxKHhlEGSk81n4YFS+r/Kl99wXiwlVXtPBtJenozv2P+hxDsw9eA7Xo6g==",
      "peer": true,
      "dependencies": {
        "loose-envify": "^1.1.0",
        "scheduler": "^0.23.0"
      },
      "peerDependencies": {
        "react": "^18.2.0"
      }
    },
    "node_modules/scheduler": {
      "version": "0.23.0",
      "resolved": "https://registry.npmjs.org/scheduler/-/scheduler-0.23.0.tgz",
      "integrity": "sha512-CtuThmgHNg7zIZWAXi3AsyIzA3n4xx7aNyjwC2VJldO2LMVDhFK+63xGqq6CsJH4rTAt6/M+N4GhZiDYPx9eUw==",
      "peer": true,
      "dependencies": {
        "loose-envify": "^1.1.0"
      }
    },
    "node_modules/style-mod": {
      "version": "4.1.0",
      "resolved": "https://registry.npmjs.org/style-mod/-/style-mod-4.1.0.tgz",
      "integrity": "sha512-Ca5ib8HrFn+f+0n4N4ScTIA9iTOQ7MaGS1ylHcoVqW9J7w2w8PzN6g9gKmTYgGEBH8e120+RCmhpje6jC5uGWA==",
      "peer": true
    },
    "node_modules/use-sync-external-store": {
      "version": "1.2.0",
      "resolved": "https://registry.npmjs.org/use-sync-external-store/-/use-sync-external-store-1.2.0.tgz",
      "integrity": "sha512-eEgnFxGQ1Ife9bzYs6VLi8/4X6CObHMw9Qr9tPY43iKwsPw8xE8+EFsf/2cFZ5S3esXgpWgtSCtLNS41F+sKPA==",
      "peerDependencies": {
        "react": "^16.8.0 || ^17.0.0 || ^18.0.0"
      }
    },
    "node_modules/w3c-keyname": {
      "version": "2.2.8",
      "resolved": "https://registry.npmjs.org/w3c-keyname/-/w3c-keyname-2.2.8.tgz",
      "integrity": "sha512-dpojBhNsCNN7T82Tm7k26A6G9ML3NkhDsnw9n/eoxSRlVBB4CEtIQ/KTCLI2Fwf3ataSXRhYFkQi3SlnFwPvPQ==",
      "peer": true
    }
  }
}
